
Microsoft Visual Studio Solution File, Format Version 11.00
# Visual Studio 2010
Project("{FAE04EC0-301F-11D3-BF4B-00C04F79EFBC}") = "TLSkypeLFS", "Assembly-CSharp.csproj", "{3DD90C37-516F-1775-958F-312AA8723815}"
EndProject
Project("{FAE04EC0-301F-11D3-BF4B-00C04F79EFBC}") = "TLSkypeLFS", "Assembly-CSharp-Editor.csproj", "{FB2A907D-4FB3-FCB4-CBF5-97F48333C65F}"
EndProject
Global
	GlobalSection(SolutionConfigurationPlatforms) = preSolution
		Debug|Any CPU = Debug|Any CPU
		Release|Any CPU = Release|Any CPU
	EndGlobalSection
	GlobalSection(ProjectConfigurationPlatforms) = postSolution
		{3DD90C37-516F-1775-958F-312AA8723815}.Debug|Any CPU.ActiveCfg = Debug|Any CPU
		{3DD90C37-516F-1775-958F-312AA8723815}.Debug|Any CPU.Build.0 = Debug|Any CPU
		{3DD90C37-516F-1775-958F-312AA8723815}.Release|Any CPU.ActiveCfg = Release|Any CPU
		{3DD90C37-516F-1775-958F-312AA8723815}.Release|Any CPU.Build.0 = Release|Any CPU
		{FB2A907D-4FB3-FCB4-CBF5-97F48333C65F}.Debug|Any CPU.ActiveCfg = Debug|Any CPU
		{FB2A907D-4FB3-FCB4-CBF5-97F48333C65F}.Debug|Any CPU.Build.0 = Debug|Any CPU
		{FB2A907D-4FB3-FCB4-CBF5-97F48333C65F}.Release|Any CPU.ActiveCfg = Release|Any CPU
		{FB2A907D-4FB3-FCB4-CBF5-97F48333C65F}.Release|Any CPU.Build.0 = Release|Any CPU
	EndGlobalSection
	GlobalSection(SolutionProperties) = preSolution
		HideSolutionNode = FALSE
	EndGlobalSection
	GlobalSection(MonoDevelopProperties) = preSolution
		StartupItem = Assembly-CSharp.csproj
	EndGlobalSection
EndGlobal
